// !$*UTF8*$!
{
	archiveVersion = 1;
	classes = {
	};
	objectVersion = 77;
	objects = {

/* Begin PBXBuildFile section */
		E4DB6C412E303A1500847F43 /* FirebaseAuth in Frameworks */ = {isa = PBXBuildFile; productRef = E4DB6C402E303A1500847F43 /* FirebaseAuth */; };
		E4DB6C442E303A3700847F43 /* GoogleSignIn in Frameworks */ = {isa = PBXBuildFile; productRef = E4DB6C432E303A3700847F43 /* GoogleSignIn */; };
		E4DB6C462E303A3700847F43 /* GoogleSignInSwift in Frameworks */ = {isa = PBXBuildFile; productRef = E4DB6C452E303A3700847F43 /* GoogleSignInSwift */; };
		E4DB6C932E305AFD00847F43 /* FirebaseFirestore in Frameworks */ = {isa = PBXBuildFile; productRef = E4DB6C922E305AFD00847F43 /* FirebaseFirestore */; };
/* End PBXBuildFile section */

/* Begin PBXContainerItemProxy section */
		E42595D82E3033E800406E8D /* PBXContainerItemProxy */ = {
			isa = PBXContainerItemProxy;
			containerPortal = E42595C22E3033E700406E8D /* Project object */;
			proxyType = 1;
			remoteGlobalIDString = E42595C92E3033E700406E8D;
			remoteInfo = ResRobin;
		};
		E42595E22E3033E800406E8D /* PBXContainerItemProxy */ = {
			isa = PBXContainerItemProxy;
			containerPortal = E42595C22E3033E700406E8D /* Project object */;
			proxyType = 1;
			remoteGlobalIDString = E42595C92E3033E700406E8D;
			remoteInfo = ResRobin;
		};
/* End PBXContainerItemProxy section */

/* Begin PBXFileReference section */
		E42595CA2E3033E700406E8D /* ResRobin.app */ = {isa = PBXFileReference; explicitFileType = wrapper.application; includeInIndex = 0; path = ResRobin.app; sourceTree = BUILT_PRODUCTS_DIR; };
		E42595D72E3033E800406E8D /* ResRobinTests.xctest */ = {isa = PBXFileReference; explicitFileType = wrapper.cfbundle; includeInIndex = 0; path = ResRobinTests.xctest; sourceTree = BUILT_PRODUCTS_DIR; };
		E42595E12E3033E800406E8D /* ResRobinUITests.xctest */ = {isa = PBXFileReference; explicitFileType = wrapper.cfbundle; includeInIndex = 0; path = ResRobinUITests.xctest; sourceTree = BUILT_PRODUCTS_DIR; };
/* End PBXFileReference section */

/* Begin PBXFileSystemSynchronizedBuildFileExceptionSet section */
		E4DB6C582E303E9E00847F43 /* Exceptions for "ResRobin" folder in "ResRobin" target */ = {
			isa = PBXFileSystemSynchronizedBuildFileExceptionSet;
			membershipExceptions = (
				Info.plist,
			);
			target = E42595C92E3033E700406E8D /* ResRobin */;
		};
/* End PBXFileSystemSynchronizedBuildFileExceptionSet section */

/* Begin PBXFileSystemSynchronizedRootGroup section */
		E42595CC2E3033E700406E8D /* ResRobin */ = {
			isa = PBXFileSystemSynchronizedRootGroup;
			exceptions = (
				E4DB6C582E303E9E00847F43 /* Exceptions for "ResRobin" folder in "ResRobin" target */,
			);
			path = ResRobin;
			sourceTree = "<group>";
		};
		E42595DA2E3033E800406E8D /* ResRobinTests */ = {
			isa = PBXFileSystemSynchronizedRootGroup;
			path = ResRobinTests;
			sourceTree = "<group>";
		};
		E42595E42E3033E800406E8D /* ResRobinUITests */ = {
			isa = PBXFileSystemSynchronizedRootGroup;
			path = ResRobinUITests;
			sourceTree = "<group>";
		};
/* End PBXFileSystemSynchronizedRootGroup section */

/* Begin PBXFrameworksBuildPhase section */
		E42595C72E3033E700406E8D /* Frameworks */ = {
			isa = PBXFrameworksBuildPhase;
			buildActionMask = 2147483647;
			files = (
				E4DB6C462E303A3700847F43 /* GoogleSignInSwift in Frameworks */,
				E4DB6C932E305AFD00847F43 /* FirebaseFirestore in Frameworks */,
				E4DB6C412E303A1500847F43 /* FirebaseAuth in Frameworks */,
				E4DB6C442E303A3700847F43 /* GoogleSignIn in Frameworks */,
			);
			runOnlyForDeploymentPostprocessing = 0;
		};
		E42595D42E3033E800406E8D /* Frameworks */ = {
			isa = PBXFrameworksBuildPhase;
			buildActionMask = 2147483647;
			files = (
			);
			runOnlyForDeploymentPostprocessing = 0;
		};
		E42595DE2E3033E800406E8D /* Frameworks */ = {
			isa = PBXFrameworksBuildPhase;
			buildActionMask = 2147483647;
			files = (
			);
			runOnlyForDeploymentPostprocessing = 0;
		};
/* End PBXFrameworksBuildPhase section */

/* Begin PBXGroup section */
		E42595C12E3033E700406E8D = {
			isa = PBXGroup;
			children = (
				E42595CC2E3033E700406E8D /* ResRobin */,
				E42595DA2E3033E800406E8D /* ResRobinTests */,
				E42595E42E3033E800406E8D /* ResRobinUITests */,
				E42595CB2E3033E700406E8D /* Products */,
			);
			sourceTree = "<group>";
		};
		E42595CB2E3033E700406E8D /* Products */ = {
			isa = PBXGroup;
			children = (
				E42595CA2E3033E700406E8D /* ResRobin.app */,
				E42595D72E3033E800406E8D /* ResRobinTests.xctest */,
				E42595E12E3033E800406E8D /* ResRobinUITests.xctest */,
			);
			name = Products;
			sourceTree = "<group>";
		};
/* End PBXGroup section */

/* Begin PBXNativeTarget section */
		E42595C92E3033E700406E8D /* ResRobin */ = {
			isa = PBXNativeTarget;
			buildConfigurationList = E42595EB2E3033E800406E8D /* Build configuration list for PBXNativeTarget "ResRobin" */;
			buildPhases = (
				E42595C62E3033E700406E8D /* Sources */,
				E42595C72E3033E700406E8D /* Frameworks */,
				E42595C82E3033E700406E8D /* Resources */,
			);
			buildRules = (
			);
			dependencies = (
			);
			fileSystemSynchronizedGroups = (
				E42595CC2E3033E700406E8D /* ResRobin */,
			);
			name = ResRobin;
			packageProductDependencies = (
				E4DB6C402E303A1500847F43 /* FirebaseAuth */,
				E4DB6C432E303A3700847F43 /* GoogleSignIn */,
				E4DB6C452E303A3700847F43 /* GoogleSignInSwift */,
				E4DB6C922E305AFD00847F43 /* FirebaseFirestore */,
			);
			productName = ResRobin;
			productReference = E42595CA2E3033E700406E8D /* ResRobin.app */;
			productType = "com.apple.product-type.application";
		};
		E42595D62E3033E800406E8D /* ResRobinTests */ = {
			isa = PBXNativeTarget;
			buildConfigurationList = E42595EE2E3033E800406E8D /* Build configuration list for PBXNativeTarget "ResRobinTests" */;
			buildPhases = (
				E42595D32E3033E800406E8D /* Sources */,
				E42595D42E3033E800406E8D /* Frameworks */,
				E42595D52E3033E800406E8D /* Resources */,
			);
			buildRules = (
			);
			dependencies = (
				E42595D92E3033E800406E8D /* PBXTargetDependency */,
			);
			fileSystemSynchronizedGroups = (
				E42595DA2E3033E800406E8D /* ResRobinTests */,
			);
			name = ResRobinTests;
			packageProductDependencies = (
			);
			productName = ResRobinTests;
			productReference = E42595D72E3033E800406E8D /* ResRobinTests.xctest */;
			productType = "com.apple.product-type.bundle.unit-test";
		};
		E42595E02E3033E800406E8D /* ResRobinUITests */ = {
			isa = PBXNativeTarget;
			buildConfigurationList = E42595F12E3033E800406E8D /* Build configuration list for PBXNativeTarget "ResRobinUITests" */;
			buildPhases = (
				E42595DD2E3033E800406E8D /* Sources */,
				E42595DE2E3033E800406E8D /* Frameworks */,
				E42595DF2E3033E800406E8D /* Resources */,
			);
			buildRules = (
			);
			dependencies = (
				E42595E32E3033E800406E8D /* PBXTargetDependency */,
			);
			fileSystemSynchronizedGroups = (
				E42595E42E3033E800406E8D /* ResRobinUITests */,
			);
			name = ResRobinUITests;
			packageProductDependencies = (
			);
			productName = ResRobinUITests;
			productReference = E42595E12E3033E800406E8D /* ResRobinUITests.xctest */;
			productType = "com.apple.product-type.bundle.ui-testing";
		};
/* End PBXNativeTarget section */

/* Begin PBXProject section */
		E42595C22E3033E700406E8D /* Project object */ = {
			isa = PBXProject;
			attributes = {
				BuildIndependentTargetsInParallel = 1;
				LastSwiftUpdateCheck = 1640;
				LastUpgradeCheck = 1640;
				TargetAttributes = {
					E42595C92E3033E700406E8D = {
						CreatedOnToolsVersion = 16.4;
					};
					E42595D62E3033E800406E8D = {
						CreatedOnToolsVersion = 16.4;
						TestTargetID = E42595C92E3033E700406E8D;
					};
					E42595E02E3033E800406E8D = {
						CreatedOnToolsVersion = 16.4;
						TestTargetID = E42595C92E3033E700406E8D;
					};
				};
			};
			buildConfigurationList = E42595C52E3033E700406E8D /* Build configuration list for PBXProject "ResRobin" */;
			developmentRegion = en;
			hasScannedForEncodings = 0;
			knownRegions = (
				en,
				Base,
			);
			mainGroup = E42595C12E3033E700406E8D;
			minimizedProjectReferenceProxies = 1;
			packageReferences = (
				E4DB6C3F2E303A1500847F43 /* XCRemoteSwiftPackageReference "firebase-ios-sdk" */,
				E4DB6C422E303A3700847F43 /* XCRemoteSwiftPackageReference "GoogleSignIn-iOS" */,
			);
			preferredProjectObjectVersion = 77;
			productRefGroup = E42595CB2E3033E700406E8D /* Products */;
			projectDirPath = "";
			projectRoot = "";
			targets = (
				E42595C92E3033E700406E8D /* ResRobin */,
				E42595D62E3033E800406E8D /* ResRobinTests */,
				E42595E02E3033E800406E8D /* ResRobinUITests */,
			);
		};
/* End PBXProject section */

/* Begin PBXResourcesBuildPhase section */
		E42595C82E3033E700406E8D /* Resources */ = {
			isa = PBXResourcesBuildPhase;
			buildActionMask = 2147483647;
			files = (
			);
			runOnlyForDeploymentPostprocessing = 0;
		};
		E42595D52E3033E800406E8D /* Resources */ = {
			isa = PBXResourcesBuildPhase;
			buildActionMask = 2147483647;
			files = (
			);
			runOnlyForDeploymentPostprocessing = 0;
		};
		E42595DF2E3033E800406E8D /* Resources */ = {
			isa = PBXResourcesBuildPhase;
			buildActionMask = 2147483647;
			files = (
			);
			runOnlyForDeploymentPostprocessing = 0;
		};
/* End PBXResourcesBuildPhase section */

/* Begin PBXSourcesBuildPhase section */
		E42595C62E3033E700406E8D /* Sources */ = {
			isa = PBXSourcesBuildPhase;
			buildActionMask = 2147483647;
			files = (
			);
			runOnlyForDeploymentPostprocessing = 0;
		};
		E42595D32E3033E800406E8D /* Sources */ = {
			isa = PBXSourcesBuildPhase;
			buildActionMask = 2147483647;
			files = (
			);
			runOnlyForDeploymentPostprocessing = 0;
		};
		E42595DD2E3033E800406E8D /* Sources */ = {
			isa = PBXSourcesBuildPhase;
			buildActionMask = 2147483647;
			files = (
			);
			runOnlyForDeploymentPostprocessing = 0;
		};
/* End PBXSourcesBuildPhase section */

/* Begin PBXTargetDependency section */
		E42595D92E3033E800406E8D /* PBXTargetDependency */ = {
			isa = PBXTargetDependency;
			target = E42595C92E3033E700406E8D /* ResRobin */;
			targetProxy = E42595D82E3033E800406E8D /* PBXContainerItemProxy */;
		};
		E42595E32E3033E800406E8D /* PBXTargetDependency */ = {
			isa = PBXTargetDependency;
			target = E42595C92E3033E700406E8D /* ResRobin */;
			targetProxy = E42595E22E3033E800406E8D /* PBXContainerItemProxy */;
		};
/* End PBXTargetDependency section */

/* Begin XCBuildConfiguration section */
		E42595E92E3033E800406E8D /* Debug */ = {
			isa = XCBuildConfiguration;
			buildSettings = {
				ALWAYS_SEARCH_USER_PATHS = NO;
				ASSETCATALOG_COMPILER_GENERATE_SWIFT_ASSET_SYMBOL_EXTENSIONS = YES;
				CLANG_ANALYZER_NONNULL = YES;
				CLANG_ANALYZER_NUMBER_OBJECT_CONVERSION = YES_AGGRESSIVE;
				CLANG_CXX_LANGUAGE_STANDARD = "gnu++20";
				CLANG_ENABLE_MODULES = YES;
				CLANG_ENABLE_OBJC_ARC = YES;
				CLANG_ENABLE_OBJC_WEAK = YES;
				CLANG_WARN_BLOCK_CAPTURE_AUTORELEASING = YES;
				CLANG_WARN_BOOL_CONVERSION = YES;
				CLANG_WARN_COMMA = YES;
				CLANG_WARN_CONSTANT_CONVERSION = YES;
				CLANG_WARN_DEPRECATED_OBJC_IMPLEMENTATIONS = YES;
				CLANG_WARN_DIRECT_OBJC_ISA_USAGE = YES_ERROR;
				CLANG_WARN_DOCUMENTATION_COMMENTS = YES;
				CLANG_WARN_EMPTY_BODY = YES;
				CLANG_WARN_ENUM_CONVERSION = YES;
				CLANG_WARN_INFINITE_RECURSION = YES;
				CLANG_WARN_INT_CONVERSION = YES;
				CLANG_WARN_NON_LITERAL_NULL_CONVERSION = YES;
				CLANG_WARN_OBJC_IMPLICIT_RETAIN_SELF = YES;
				CLANG_WARN_OBJC_LITERAL_CONVERSION = YES;
				CLANG_WARN_OBJC_ROOT_CLASS = YES_ERROR;
				CLANG_WARN_QUOTED_INCLUDE_IN_FRAMEWORK_HEADER = YES;
				CLANG_WARN_RANGE_LOOP_ANALYSIS = YES;
				CLANG_WARN_STRICT_PROTOTYPES = YES;
				CLANG_WARN_SUSPICIOUS_MOVE = YES;
				CLANG_WARN_UNGUARDED_AVAILABILITY = YES_AGGRESSIVE;
				CLANG_WARN_UNREACHABLE_CODE = YES;
				CLANG_WARN__DUPLICATE_METHOD_MATCH = YES;
				COPY_PHASE_STRIP = NO;
				DEBUG_INFORMATION_FORMAT = dwarf;
				ENABLE_STRICT_OBJC_MSGSEND = YES;
				ENABLE_TESTABILITY = YES;
				ENABLE_USER_SCRIPT_SANDBOXING = YES;
				GCC_C_LANGUAGE_STANDARD = gnu17;
				GCC_DYNAMIC_NO_PIC = NO;
				GCC_NO_COMMON_BLOCKS = YES;
				GCC_OPTIMIZATION_LEVEL = 0;
				GCC_PREPROCESSOR_DEFINITIONS = (
					"DEBUG=1",
					"$(inherited)",
				);
				GCC_WARN_64_TO_32_BIT_CONVERSION = YES;
				GCC_WARN_ABOUT_RETURN_TYPE = YES_ERROR;
				GCC_WARN_UNDECLARED_SELECTOR = YES;
				GCC_WARN_UNINITIALIZED_AUTOS = YES_AGGRESSIVE;
				GCC_WARN_UNUSED_FUNCTION = YES;
				GCC_WARN_UNUSED_VARIABLE = YES;
				IPHONEOS_DEPLOYMENT_TARGET = 18.5;
				LOCALIZATION_PREFERS_STRING_CATALOGS = YES;
				MTL_ENABLE_DEBUG_INFO = INCLUDE_SOURCE;
				MTL_FAST_MATH = YES;
				ONLY_ACTIVE_ARCH = YES;
				SDKROOT = iphoneos;
				SWIFT_ACTIVE_COMPILATION_CONDITIONS = "DEBUG $(inherited)";
				SWIFT_OPTIMIZATION_LEVEL = "-Onone";
			};
			name = Debug;
		};
		E42595EA2E3033E800406E8D /* Release */ = {
			isa = XCBuildConfiguration;
			buildSettings = {
				ALWAYS_SEARCH_USER_PATHS = NO;
				ASSETCATALOG_COMPILER_GENERATE_SWIFT_ASSET_SYMBOL_EXTENSIONS = YES;
				CLANG_ANALYZER_NONNULL = YES;
				CLANG_ANALYZER_NUMBER_OBJECT_CONVERSION = YES_AGGRESSIVE;
				CLANG_CXX_LANGUAGE_STANDARD = "gnu++20";
				CLANG_ENABLE_MODULES = YES;
				CLANG_ENABLE_OBJC_ARC = YES;
				CLANG_ENABLE_OBJC_WEAK = YES;
				CLANG_WARN_BLOCK_CAPTURE_AUTORELEASING = YES;
				CLANG_WARN_BOOL_CONVERSION = YES;
				CLANG_WARN_COMMA = YES;
				CLANG_WARN_CONSTANT_CONVERSION = YES;
				CLANG_WARN_DEPRECATED_OBJC_IMPLEMENTATIONS = YES;
				CLANG_WARN_DIRECT_OBJC_ISA_USAGE = YES_ERROR;
				CLANG_WARN_DOCUMENTATION_COMMENTS = YES;
				CLANG_WARN_EMPTY_BODY = YES;
				CLANG_WARN_ENUM_CONVERSION = YES;
				CLANG_WARN_INFINITE_RECURSION = YES;
				CLANG_WARN_INT_CONVERSION = YES;
				CLANG_WARN_NON_LITERAL_NULL_CONVERSION = YES;
				CLANG_WARN_OBJC_IMPLICIT_RETAIN_SELF = YES;
				CLANG_WARN_OBJC_LITERAL_CONVERSION = YES;
				CLANG_WARN_OBJC_ROOT_CLASS = YES_ERROR;
				CLANG_WARN_QUOTED_INCLUDE_IN_FRAMEWORK_HEADER = YES;
				CLANG_WARN_RANGE_LOOP_ANALYSIS = YES;
				CLANG_WARN_STRICT_PROTOTYPES = YES;
				CLANG_WARN_SUSPICIOUS_MOVE = YES;
				CLANG_WARN_UNGUARDED_AVAILABILITY = YES_AGGRESSIVE;
				CLANG_WARN_UNREACHABLE_CODE = YES;
				CLANG_WARN__DUPLICATE_METHOD_MATCH = YES;
				COPY_PHASE_STRIP = NO;
				DEBUG_INFORMATION_FORMAT = "dwarf-with-dsym";
				ENABLE_NS_ASSERTIONS = NO;
				ENABLE_STRICT_OBJC_MSGSEND = YES;
				ENABLE_USER_SCRIPT_SANDBOXING = YES;
				GCC_C_LANGUAGE_STANDARD = gnu17;
				GCC_NO_COMMON_BLOCKS = YES;
				GCC_WARN_64_TO_32_BIT_CONVERSION = YES;
				GCC_WARN_ABOUT_RETURN_TYPE = YES_ERROR;
				GCC_WARN_UNDECLARED_SELECTOR = YES;
				GCC_WARN_UNINITIALIZED_AUTOS = YES_AGGRESSIVE;
				GCC_WARN_UNUSED_FUNCTION = YES;
				GCC_WARN_UNUSED_VARIABLE = YES;
				IPHONEOS_DEPLOYMENT_TARGET = 18.5;
				LOCALIZATION_PREFERS_STRING_CATALOGS = YES;
				MTL_ENABLE_DEBUG_INFO = NO;
				MTL_FAST_MATH = YES;
				SDKROOT = iphoneos;
				SWIFT_COMPILATION_MODE = wholemodule;
				VALIDATE_PRODUCT = YES;
			};
			name = Release;
		};
		E42595EC2E3033E800406E8D /* Debug */ = {
			isa = XCBuildConfiguration;
			buildSettings = {
				ASSETCATALOG_COMPILER_APPICON_NAME = AppIcon;
				ASSETCATALOG_COMPILER_GLOBAL_ACCENT_COLOR_NAME = AccentColor;
				CODE_SIGN_STYLE = Automatic;
				CURRENT_PROJECT_VERSION = 1;
				ENABLE_PREVIEWS = YES;
				GENERATE_INFOPLIST_FILE = YES;
				INFOPLIST_FILE = ResRobin/Info.plist;
				INFOPLIST_KEY_UIApplicationSceneManifest_Generation = YES;
				INFOPLIST_KEY_UIApplicationSupportsIndirectInputEvents = YES;
				INFOPLIST_KEY_UILaunchScreen_Generation = YES;
				INFOPLIST_KEY_UISupportedInterfaceOrientations_iPad = "UIInterfaceOrientationPortrait UIInterfaceOrientationPortraitUpsideDown UIInterfaceOrientationLandscapeLeft UIInterfaceOrientationLandscapeRight";
				INFOPLIST_KEY_UISupportedInterfaceOrientations_iPhone = "UIInterfaceOrientationPortrait UIInterfaceOrientationLandscapeLeft UIInterfaceOrientationLandscapeRight";
				LD_RUNPATH_SEARCH_PATHS = (
					"$(inherited)",
					"@executable_path/Frameworks",
				);
				MARKETING_VERSION = 1.0;
				OTHER_LDFLAGS = "-ObjC";
				PRODUCT_BUNDLE_IDENTIFIER = name.TheodoreZhu.ResRobin;
				PRODUCT_NAME = "$(TARGET_NAME)";
				SWIFT_EMIT_LOC_STRINGS = YES;
				SWIFT_VERSION = 5.0;
				TARGETED_DEVICE_FAMILY = "1,2";
			};
			name = Debug;
		};
		E42595ED2E3033E800406E8D /* Release */ = {
			isa = XCBuildConfiguration;
			buildSettings = {
				ASSETCATALOG_COMPILER_APPICON_NAME = AppIcon;
				ASSETCATALOG_COMPILER_GLOBAL_ACCENT_COLOR_NAME = AccentColor;
				CODE_SIGN_STYLE = Automatic;
				CURRENT_PROJECT_VERSION = 1;
				ENABLE_PREVIEWS = YES;
				GENERATE_INFOPLIST_FILE = YES;
				INFOPLIST_FILE = ResRobin/Info.plist;
				INFOPLIST_KEY_UIApplicationSceneManifest_Generation = YES;
				INFOPLIST_KEY_UIApplicationSupportsIndirectInputEvents = YES;
				INFOPLIST_KEY_UILaunchScreen_Generation = YES;
				INFOPLIST_KEY_UISupportedInterfaceOrientations_iPad = "UIInterfaceOrientationPortrait UIInterfaceOrientationPortraitUpsideDown UIInterfaceOrientationLandscapeLeft UIInterfaceOrientationLandscapeRight";
				INFOPLIST_KEY_UISupportedInterfaceOrientations_iPhone = "UIInterfaceOrientationPortrait UIInterfaceOrientationLandscapeLeft UIInterfaceOrientationLandscapeRight";
				LD_RUNPATH_SEARCH_PATHS = (
					"$(inherited)",
					"@executable_path/Frameworks",
				);
				MARKETING_VERSION = 1.0;
				OTHER_LDFLAGS = "-ObjC";
				PRODUCT_BUNDLE_IDENTIFIER = name.TheodoreZhu.ResRobin;
				PRODUCT_NAME = "$(TARGET_NAME)";
				SWIFT_EMIT_LOC_STRINGS = YES;
				SWIFT_VERSION = 5.0;
				TARGETED_DEVICE_FAMILY = "1,2";
			};
			name = Release;
		};
		E42595EF2E3033E800406E8D /* Debug */ = {
			isa = XCBuildConfiguration;
			buildSettings = {
				BUNDLE_LOADER = "$(TEST_HOST)";
				CODE_SIGN_STYLE = Automatic;
				CURRENT_PROJECT_VERSION = 1;
				GENERATE_INFOPLIST_FILE = YES;
				IPHONEOS_DEPLOYMENT_TARGET = 18.5;
				MARKETING_VERSION = 1.0;
				PRODUCT_BUNDLE_IDENTIFIER = name.TheodoreZhu.ResRobinTests;
				PRODUCT_NAME = "$(TARGET_NAME)";
				SWIFT_EMIT_LOC_STRINGS = NO;
				SWIFT_VERSION = 5.0;
				TARGETED_DEVICE_FAMILY = "1,2";
				TEST_HOST = "$(BUILT_PRODUCTS_DIR)/ResRobin.app/$(BUNDLE_EXECUTABLE_FOLDER_PATH)/ResRobin";
			};
			name = Debug;
		};
		E42595F02E3033E800406E8D /* Release */ = {
			isa = XCBuildConfiguration;
			buildSettings = {
				BUNDLE_LOADER = "$(TEST_HOST)";
				CODE_SIGN_STYLE = Automatic;
				CURRENT_PROJECT_VERSION = 1;
				GENERATE_INFOPLIST_FILE = YES;
				IPHONEOS_DEPLOYMENT_TARGET = 18.5;
				MARKETING_VERSION = 1.0;
				PRODUCT_BUNDLE_IDENTIFIER = name.TheodoreZhu.ResRobinTests;
				PRODUCT_NAME = "$(TARGET_NAME)";
				SWIFT_EMIT_LOC_STRINGS = NO;
				SWIFT_VERSION = 5.0;
				TARGETED_DEVICE_FAMILY = "1,2";
				TEST_HOST = "$(BUILT_PRODUCTS_DIR)/ResRobin.app/$(BUNDLE_EXECUTABLE_FOLDER_PATH)/ResRobin";
			};
			name = Release;
		};
		E42595F22E3033E800406E8D /* Debug */ = {
			isa = XCBuildConfiguration;
			buildSettings = {
				CODE_SIGN_STYLE = Automatic;
				CURRENT_PROJECT_VERSION = 1;
				GENERATE_INFOPLIST_FILE = YES;
				MARKETING_VERSION = 1.0;
				PRODUCT_BUNDLE_IDENTIFIER = name.TheodoreZhu.ResRobinUITests;
				PRODUCT_NAME = "$(TARGET_NAME)";
				SWIFT_EMIT_LOC_STRINGS = NO;
				SWIFT_VERSION = 5.0;
				TARGETED_DEVICE_FAMILY = "1,2";
				TEST_TARGET_NAME = ResRobin;
			};
			name = Debug;
		};
		E42595F32E3033E800406E8D /* Release */ = {
			isa = XCBuildConfiguration;
			buildSettings = {
				CODE_SIGN_STYLE = Automatic;
				CURRENT_PROJECT_VERSION = 1;
				GENERATE_INFOPLIST_FILE = YES;
				MARKETING_VERSION = 1.0;
				PRODUCT_BUNDLE_IDENTIFIER = name.TheodoreZhu.ResRobinUITests;
				PRODUCT_NAME = "$(TARGET_NAME)";
				SWIFT_EMIT_LOC_STRINGS = NO;
				SWIFT_VERSION = 5.0;
				TARGETED_DEVICE_FAMILY = "1,2";
				TEST_TARGET_NAME = ResRobin;
			};
			name = Release;
		};
/* End XCBuildConfiguration section */

/* Begin XCConfigurationList section */
		E42595C52E3033E700406E8D /* Build configuration list for PBXProject "ResRobin" */ = {
			isa = XCConfigurationList;
			buildConfigurations = (
				E42595E92E3033E800406E8D /* Debug */,
				E42595EA2E3033E800406E8D /* Release */,
			);
			defaultConfigurationIsVisible = 0;
			defaultConfigurationName = Release;
		};
		E42595EB2E3033E800406E8D /* Build configuration list for PBXNativeTarget "ResRobin" */ = {
			isa = XCConfigurationList;
			buildConfigurations = (
				E42595EC2E3033E800406E8D /* Debug */,
				E42595ED2E3033E800406E8D /* Release */,
			);
			defaultConfigurationIsVisible = 0;
			defaultConfigurationName = Release;
		};
		E42595EE2E3033E800406E8D /* Build configuration list for PBXNativeTarget "ResRobinTests" */ = {
			isa = XCConfigurationList;
			buildConfigurations = (
				E42595EF2E3033E800406E8D /* Debug */,
				E42595F02E3033E800406E8D /* Release */,
			);
			defaultConfigurationIsVisible = 0;
			defaultConfigurationName = Release;
		};
		E42595F12E3033E800406E8D /* Build configuration list for PBXNativeTarget "ResRobinUITests" */ = {
			isa = XCConfigurationList;
			buildConfigurations = (
				E42595F22E3033E800406E8D /* Debug */,
				E42595F32E3033E800406E8D /* Release */,
			);
			defaultConfigurationIsVisible = 0;
			defaultConfigurationName = Release;
		};
/* End XCConfigurationList section */

/* Begin XCRemoteSwiftPackageReference section */
		E4DB6C3F2E303A1500847F43 /* XCRemoteSwiftPackageReference "firebase-ios-sdk" */ = {
			isa = XCRemoteSwiftPackageReference;
			repositoryURL = "https://github.com/firebase/firebase-ios-sdk";
			requirement = {
				kind = upToNextMajorVersion;
				minimumVersion = 12.0.0;
			};
		};
		E4DB6C422E303A3700847F43 /* XCRemoteSwiftPackageReference "GoogleSignIn-iOS" */ = {
			isa = XCRemoteSwiftPackageReference;
			repositoryURL = "https://github.com/google/GoogleSignIn-iOS.git";
			requirement = {
				kind = upToNextMajorVersion;
				minimumVersion = 9.0.0;
			};
		};
/* End XCRemoteSwiftPackageReference section */

/* Begin XCSwiftPackageProductDependency section */
		E4DB6C402E303A1500847F43 /* FirebaseAuth */ = {
			isa = XCSwiftPackageProductDependency;
			package = E4DB6C3F2E303A1500847F43 /* XCRemoteSwiftPackageReference "firebase-ios-sdk" */;
			productName = FirebaseAuth;
		};
		E4DB6C432E303A3700847F43 /* GoogleSignIn */ = {
			isa = XCSwiftPackageProductDependency;
			package = E4DB6C422E303A3700847F43 /* XCRemoteSwiftPackageReference "GoogleSignIn-iOS" */;
			productName = GoogleSignIn;
		};
		E4DB6C452E303A3700847F43 /* GoogleSignInSwift */ = {
			isa = XCSwiftPackageProductDependency;
			package = E4DB6C422E303A3700847F43 /* XCRemoteSwiftPackageReference "GoogleSignIn-iOS" */;
			productName = GoogleSignInSwift;
		};
		E4DB6C922E305AFD00847F43 /* FirebaseFirestore */ = {
			isa = XCSwiftPackageProductDependency;
			productName = FirebaseFirestore;
		};
/* End XCSwiftPackageProductDependency section */
	};
	rootObject = E42595C22E3033E700406E8D /* Project object */;
}
